
Microsoft Visual Studio Solution File, Format Version 12.00
# Visual Studio Version 17
VisualStudioVersion = 17.9.34714.143
MinimumVisualStudioVersion = 10.0.40219.1
Project("{9A19103F-16F7-4668-BE54-9A1E7A4F7556}") = "JixMinApi", "JixMinApi\JixMinApi.csproj", "{954F025B-5A51-442A-B5A4-D9BCCBE230CF}"
EndProject
Project("{FAE04EC0-301F-11D3-BF4B-00C04F79EFBC}") = "JixMinApiTests", "JixMinApiTests\JixMinApiTests.csproj", "{52E1F324-F939-4BEE-9614-1474CCA6E100}"
EndProject
Project("{2150E333-8FDC-42A3-9474-1A3956D46DE8}") = "Solution Items", "Solution Items", "{98247920-2582-4640-81E3-06DFF043DC4C}"
	ProjectSection(SolutionItems) = preProject
		README.md = README.md
	EndProjectSection
EndProject
Global
	GlobalSection(SolutionConfigurationPlatforms) = preSolution
		Debug|Any CPU = Debug|Any CPU
		Release|Any CPU = Release|Any CPU
	EndGlobalSection
	GlobalSection(ProjectConfigurationPlatforms) = postSolution
		{954F025B-5A51-442A-B5A4-D9BCCBE230CF}.Debug|Any CPU.ActiveCfg = Debug|Any CPU
		{954F025B-5A51-442A-B5A4-D9BCCBE230CF}.Debug|Any CPU.Build.0 = Debug|Any CPU
		{954F025B-5A51-442A-B5A4-D9BCCBE230CF}.Release|Any CPU.ActiveCfg = Release|Any CPU
		{954F025B-5A51-442A-B5A4-D9BCCBE230CF}.Release|Any CPU.Build.0 = Release|Any CPU
		{52E1F324-F939-4BEE-9614-1474CCA6E100}.Debug|Any CPU.ActiveCfg = Debug|Any CPU
		{52E1F324-F939-4BEE-9614-1474CCA6E100}.Debug|Any CPU.Build.0 = Debug|Any CPU
		{52E1F324-F939-4BEE-9614-1474CCA6E100}.Release|Any CPU.ActiveCfg = Release|Any CPU
		{52E1F324-F939-4BEE-9614-1474CCA6E100}.Release|Any CPU.Build.0 = Release|Any CPU
	EndGlobalSection
	GlobalSection(SolutionProperties) = preSolution
		HideSolutionNode = FALSE
	EndGlobalSection
	GlobalSection(ExtensibilityGlobals) = postSolution
		SolutionGuid = {1C2B4B35-99BD-493E-8D0A-A87CA2A8A1AD}
	EndGlobalSection
EndGlobal
